# THIS IS AN AUTOGENERATED FILE. DO NOT EDIT THIS FILE DIRECTLY.
# yarn lockfile v1


"@types/arangodb@^3.4.9":
  version "3.4.9"
  resolved "https://registry.yarnpkg.com/@types/arangodb/-/arangodb-3.4.9.tgz#352d9731452c5bc67a360ffd7b9b6a337fe9d5a1"
  integrity sha512-iqCQoW+F1/gNnpK6b8n7d9pIYnLwplLPmomscNkkYELFU+OyTJs6WalUjlJIGyZCiRJnBRnYm9ju1f+1Yijl0A==
  dependencies:
    "@types/graphql" "*"
    "@types/node" "*"

"@types/graphql@*":
  version "14.2.0"
  resolved "https://registry.yarnpkg.com/@types/graphql/-/graphql-14.2.0.tgz#74e1da5f2a4a744ac6eb3ed57b48242ea9367202"
  integrity sha512-lELg5m6eBOmATWyCZl8qULEOvnPIUG6B443yXKj930glXIgwQirIBPp5rthP2amJW0YSzUg2s5sfgba4mRRCNw==

"@types/joi@^14.3.2":
  version "14.3.2"
  resolved "https://registry.yarnpkg.com/@types/joi/-/joi-14.3.2.tgz#eff771f0b19698b8e6e7c6fe6b625e07e2618fe9"
  integrity sha512-riJTpNwDOoRgRrrOjfcjwMBYJLVg8rzwMEAAcZ2JBvdmYWCLIsbzTFXHV517terbYzGmdzkwFYeXUem7eXVNoQ==

"@types/node@*":
  version "11.12.2"
  resolved "https://registry.yarnpkg.com/@types/node/-/node-11.12.2.tgz#d7f302e74b10e9801d52852137f652d9ee235da8"
  integrity sha512-c82MtnqWB/CqqK7/zit74Ob8H1dBdV7bK+BcErwtXbe0+nUGkgzq5NTDmRW/pAv2lFtmeNmW95b0zK2hxpeklg==
